
Microsoft Visual Studio Solution File, Format Version 12.00
# Visual Studio Version 17
VisualStudioVersion = 17.7.34031.279
MinimumVisualStudioVersion = 10.0.40219.1
Project("{FAE04EC0-301F-11D3-BF4B-00C04F79EFBC}") = "Abshir", "Abshir\Abshir.csproj", "{CAAEC3AA-A49B-4487-BF89-ACCEAED5AFAB}"
EndProject
Global
	GlobalSection(SolutionConfigurationPlatforms) = preSolution
		Debug|Any CPU = Debug|Any CPU
		Release|Any CPU = Release|Any CPU
	EndGlobalSection
	GlobalSection(ProjectConfigurationPlatforms) = postSolution
		{CAAEC3AA-A49B-4487-BF89-ACCEAED5AFAB}.Debug|Any CPU.ActiveCfg = Debug|Any CPU
		{CAAEC3AA-A49B-4487-BF89-ACCEAED5AFAB}.Debug|Any CPU.Build.0 = Debug|Any CPU
		{CAAEC3AA-A49B-4487-BF89-ACCEAED5AFAB}.Release|Any CPU.ActiveCfg = Release|Any CPU
		{CAAEC3AA-A49B-4487-BF89-ACCEAED5AFAB}.Release|Any CPU.Build.0 = Release|Any CPU
	EndGlobalSection
	GlobalSection(SolutionProperties) = preSolution
		HideSolutionNode = FALSE
	EndGlobalSection
	GlobalSection(ExtensibilityGlobals) = postSolution
		SolutionGuid = {9AB0FF9A-9107-4567-BD57-1AC6449F6537}
	EndGlobalSection
EndGlobal
